
Microsoft Visual Studio Solution File, Format Version 12.00
# Visual Studio 15
VisualStudioVersion = 15.0.28307.705
MinimumVisualStudioVersion = 10.0.40219.1
Project("{FAE04EC0-301F-11D3-BF4B-00C04F79EFBC}") = "AnikyevLib", "AnikyevLib\AnikyevLib.csproj", "{8565D126-ADFB-4DED-B8AC-DE7B2B891E19}"
EndProject
Project("{FAE04EC0-301F-11D3-BF4B-00C04F79EFBC}") = "MaxinLib", "MaxinLib\MaxinLib.csproj", "{0BD271E4-59EE-4381-941E-9255B280FECA}"
EndProject
Project("{FAE04EC0-301F-11D3-BF4B-00C04F79EFBC}") = "SharafutdinovaLib", "SharafutdinovaLib\SharafutdinovaLib.csproj", "{C7237617-E2B6-4735-857B-1F9E1A9C691F}"
EndProject
Project("{FAE04EC0-301F-11D3-BF4B-00C04F79EFBC}") = "SharafutdinovaForm", "SharafutdinovaForm\SharafutdinovaForm.csproj", "{A4C5BBE4-69B4-4311-922D-ABF9805DE2B5}"
EndProject
Project("{FAE04EC0-301F-11D3-BF4B-00C04F79EFBC}") = "SharafutdinovaLibNotVisual", "SharafutdinovaLibNotVisual\SharafutdinovaLibNotVisual.csproj", "{EC08AA96-BDB9-4B96-82BC-CFFDCF8A57F3}"
EndProject
Global
	GlobalSection(SolutionConfigurationPlatforms) = preSolution
		Debug|Any CPU = Debug|Any CPU
		Release|Any CPU = Release|Any CPU
	EndGlobalSection
	GlobalSection(ProjectConfigurationPlatforms) = postSolution
		{8565D126-ADFB-4DED-B8AC-DE7B2B891E19}.Debug|Any CPU.ActiveCfg = Debug|Any CPU
		{8565D126-ADFB-4DED-B8AC-DE7B2B891E19}.Debug|Any CPU.Build.0 = Debug|Any CPU
		{8565D126-ADFB-4DED-B8AC-DE7B2B891E19}.Release|Any CPU.ActiveCfg = Release|Any CPU
		{8565D126-ADFB-4DED-B8AC-DE7B2B891E19}.Release|Any CPU.Build.0 = Release|Any CPU
		{0BD271E4-59EE-4381-941E-9255B280FECA}.Debug|Any CPU.ActiveCfg = Debug|Any CPU
		{0BD271E4-59EE-4381-941E-9255B280FECA}.Debug|Any CPU.Build.0 = Debug|Any CPU
		{0BD271E4-59EE-4381-941E-9255B280FECA}.Release|Any CPU.ActiveCfg = Release|Any CPU
		{0BD271E4-59EE-4381-941E-9255B280FECA}.Release|Any CPU.Build.0 = Release|Any CPU
		{C7237617-E2B6-4735-857B-1F9E1A9C691F}.Debug|Any CPU.ActiveCfg = Debug|Any CPU
		{C7237617-E2B6-4735-857B-1F9E1A9C691F}.Debug|Any CPU.Build.0 = Debug|Any CPU
		{C7237617-E2B6-4735-857B-1F9E1A9C691F}.Release|Any CPU.ActiveCfg = Release|Any CPU
		{C7237617-E2B6-4735-857B-1F9E1A9C691F}.Release|Any CPU.Build.0 = Release|Any CPU
		{A4C5BBE4-69B4-4311-922D-ABF9805DE2B5}.Debug|Any CPU.ActiveCfg = Debug|Any CPU
		{A4C5BBE4-69B4-4311-922D-ABF9805DE2B5}.Debug|Any CPU.Build.0 = Debug|Any CPU
		{A4C5BBE4-69B4-4311-922D-ABF9805DE2B5}.Release|Any CPU.ActiveCfg = Release|Any CPU
		{A4C5BBE4-69B4-4311-922D-ABF9805DE2B5}.Release|Any CPU.Build.0 = Release|Any CPU
		{EC08AA96-BDB9-4B96-82BC-CFFDCF8A57F3}.Debug|Any CPU.ActiveCfg = Debug|Any CPU
		{EC08AA96-BDB9-4B96-82BC-CFFDCF8A57F3}.Debug|Any CPU.Build.0 = Debug|Any CPU
		{EC08AA96-BDB9-4B96-82BC-CFFDCF8A57F3}.Release|Any CPU.ActiveCfg = Release|Any CPU
		{EC08AA96-BDB9-4B96-82BC-CFFDCF8A57F3}.Release|Any CPU.Build.0 = Release|Any CPU
	EndGlobalSection
	GlobalSection(SolutionProperties) = preSolution
		HideSolutionNode = FALSE
	EndGlobalSection
	GlobalSection(ExtensibilityGlobals) = postSolution
		SolutionGuid = {8A90F7D8-2F3C-48C0-87A8-23A70BC83E2D}
	EndGlobalSection
EndGlobal
